
Microsoft Visual Studio Solution File, Format Version 12.00
# Visual Studio Version 17
VisualStudioVersion = 17.1.32210.238
MinimumVisualStudioVersion = 10.0.40219.1
Project("{FAE04EC0-301F-11D3-BF4B-00C04F79EFBC}") = "ProductsManagementSystemWithMVC", "ProductsManagementSystemWithMVC\ProductsManagementSystemWithMVC.csproj", "{40913630-42E7-478C-8A48-DA8DD769F76A}"
EndProject
Project("{2150E333-8FDC-42A3-9474-1A3956D46DE8}") = "Solution Items", "Solution Items", "{6C6394BE-CB9D-4F9B-9D2A-01DD2D84BC98}"
	ProjectSection(SolutionItems) = preProject
		ProductsManagementSystemWithMVC\EFDbFirstDatabase.sql = ProductsManagementSystemWithMVC\EFDbFirstDatabase.sql
		ProductsManagementSystemWithMVC\PaySlip1.pdf = ProductsManagementSystemWithMVC\PaySlip1.pdf
		ProductsManagementSystemWithMVC\PaySlip2.pdf = ProductsManagementSystemWithMVC\PaySlip2.pdf
		ProductsManagementSystemWithMVC\PaySlip3.pdf = ProductsManagementSystemWithMVC\PaySlip3.pdf
	EndProjectSection
EndProject
Project("{FAE04EC0-301F-11D3-BF4B-00C04F79EFBC}") = "Company.DataLayer", "Company.DataLayer\Company.DataLayer.csproj", "{A08B8AD1-C463-4A65-B216-C2106843D28C}"
EndProject
Project("{FAE04EC0-301F-11D3-BF4B-00C04F79EFBC}") = "Company.DomainModels", "Company.DomainModels\Company.DomainModels.csproj", "{25E01D26-2906-47F6-9E08-70DBCB32BA63}"
EndProject
Project("{FAE04EC0-301F-11D3-BF4B-00C04F79EFBC}") = "Company.ServiceLayer", "Company.ServiceLayer\Company.ServiceLayer.csproj", "{EAA28473-556B-41EE-AFCB-3C1903D1FA9F}"
EndProject
Project("{FAE04EC0-301F-11D3-BF4B-00C04F79EFBC}") = "Company.ServiceContracts", "Company.ServiceContracts\Company.ServiceContracts.csproj", "{017946BB-5B14-4527-BABF-0D9C8B42AF32}"
EndProject
Project("{FAE04EC0-301F-11D3-BF4B-00C04F79EFBC}") = "Company.RepositoryContracts", "Company.RepositoryContracts\Company.RepositoryContracts.csproj", "{3FFF2A6A-6337-41C2-BD60-94922018E998}"
EndProject
Project("{FAE04EC0-301F-11D3-BF4B-00C04F79EFBC}") = "Company.RepositoryLayer", "Company.RepositoryLayer\Company.RepositoryLayer.csproj", "{EA2220FC-BA6A-4D5B-B667-F98CA20FA75B}"
EndProject
Global
	GlobalSection(SolutionConfigurationPlatforms) = preSolution
		Debug|Any CPU = Debug|Any CPU
		Release|Any CPU = Release|Any CPU
	EndGlobalSection
	GlobalSection(ProjectConfigurationPlatforms) = postSolution
		{40913630-42E7-478C-8A48-DA8DD769F76A}.Debug|Any CPU.ActiveCfg = Debug|Any CPU
		{40913630-42E7-478C-8A48-DA8DD769F76A}.Debug|Any CPU.Build.0 = Debug|Any CPU
		{40913630-42E7-478C-8A48-DA8DD769F76A}.Release|Any CPU.ActiveCfg = Release|Any CPU
		{40913630-42E7-478C-8A48-DA8DD769F76A}.Release|Any CPU.Build.0 = Release|Any CPU
		{A08B8AD1-C463-4A65-B216-C2106843D28C}.Debug|Any CPU.ActiveCfg = Debug|Any CPU
		{A08B8AD1-C463-4A65-B216-C2106843D28C}.Debug|Any CPU.Build.0 = Debug|Any CPU
		{A08B8AD1-C463-4A65-B216-C2106843D28C}.Release|Any CPU.ActiveCfg = Release|Any CPU
		{A08B8AD1-C463-4A65-B216-C2106843D28C}.Release|Any CPU.Build.0 = Release|Any CPU
		{25E01D26-2906-47F6-9E08-70DBCB32BA63}.Debug|Any CPU.ActiveCfg = Debug|Any CPU
		{25E01D26-2906-47F6-9E08-70DBCB32BA63}.Debug|Any CPU.Build.0 = Debug|Any CPU
		{25E01D26-2906-47F6-9E08-70DBCB32BA63}.Release|Any CPU.ActiveCfg = Release|Any CPU
		{25E01D26-2906-47F6-9E08-70DBCB32BA63}.Release|Any CPU.Build.0 = Release|Any CPU
		{EAA28473-556B-41EE-AFCB-3C1903D1FA9F}.Debug|Any CPU.ActiveCfg = Debug|Any CPU
		{EAA28473-556B-41EE-AFCB-3C1903D1FA9F}.Debug|Any CPU.Build.0 = Debug|Any CPU
		{EAA28473-556B-41EE-AFCB-3C1903D1FA9F}.Release|Any CPU.ActiveCfg = Release|Any CPU
		{EAA28473-556B-41EE-AFCB-3C1903D1FA9F}.Release|Any CPU.Build.0 = Release|Any CPU
		{017946BB-5B14-4527-BABF-0D9C8B42AF32}.Debug|Any CPU.ActiveCfg = Debug|Any CPU
		{017946BB-5B14-4527-BABF-0D9C8B42AF32}.Debug|Any CPU.Build.0 = Debug|Any CPU
		{017946BB-5B14-4527-BABF-0D9C8B42AF32}.Release|Any CPU.ActiveCfg = Release|Any CPU
		{017946BB-5B14-4527-BABF-0D9C8B42AF32}.Release|Any CPU.Build.0 = Release|Any CPU
		{3FFF2A6A-6337-41C2-BD60-94922018E998}.Debug|Any CPU.ActiveCfg = Debug|Any CPU
		{3FFF2A6A-6337-41C2-BD60-94922018E998}.Debug|Any CPU.Build.0 = Debug|Any CPU
		{3FFF2A6A-6337-41C2-BD60-94922018E998}.Release|Any CPU.ActiveCfg = Release|Any CPU
		{3FFF2A6A-6337-41C2-BD60-94922018E998}.Release|Any CPU.Build.0 = Release|Any CPU
		{EA2220FC-BA6A-4D5B-B667-F98CA20FA75B}.Debug|Any CPU.ActiveCfg = Debug|Any CPU
		{EA2220FC-BA6A-4D5B-B667-F98CA20FA75B}.Debug|Any CPU.Build.0 = Debug|Any CPU
		{EA2220FC-BA6A-4D5B-B667-F98CA20FA75B}.Release|Any CPU.ActiveCfg = Release|Any CPU
		{EA2220FC-BA6A-4D5B-B667-F98CA20FA75B}.Release|Any CPU.Build.0 = Release|Any CPU
	EndGlobalSection
	GlobalSection(SolutionProperties) = preSolution
		HideSolutionNode = FALSE
	EndGlobalSection
	GlobalSection(ExtensibilityGlobals) = postSolution
		SolutionGuid = {08F13ED8-54E9-4315-922C-7619FC8103DD}
	EndGlobalSection
EndGlobal
